<Solution>
  <Project Path="BtrGudang.Application/BtrGudang.Application.csproj" Id="66dd0098-0c38-4e3a-a160-1957b3e81ba3" />
  <Project Path="BtrGudang.Domain/BtrGudang.Domain.csproj" Id="2720b2a4-fddb-4434-b9e8-e17e06fe11b3" />
  <Project Path="BtrGudang.Helper/BtrGudang.Helper.csproj" Id="f3fc840d-d703-4141-af3e-4e0a60953a9b" />
  <Project Path="BtrGudang.Infrastructure/BtrGudang.Infrastructure.csproj" Id="06a98460-097d-4c2f-a09a-2d49c4982f42" />
  <Project Path="BtrGudang.SqlDb/BtrGudang.SqlDb.sqlproj" Id="e9bb42a4-8b04-4746-a4f8-8d45e6f71180">
    <Build />
    <Deploy />
  </Project>
  <Project Path="BtrGudang.Winform/BtrGudang.Winform.csproj" Id="4950e280-2517-498d-89fe-c4b7723770de" />
</Solution>
